// !$*UTF8*$!
{
	archiveVersion = 1;
	classes = {
	};
	objectVersion = 55;
	objects = {

/* Begin PBXBuildFile section */
		9978D9452715221B009DD07A /* AppDelegate.swift in Sources */ = {isa = PBXBuildFile; fileRef = 9978D9442715221B009DD07A /* AppDelegate.swift */; };
		9978D9472715221B009DD07A /* SceneDelegate.swift in Sources */ = {isa = PBXBuildFile; fileRef = 9978D9462715221B009DD07A /* SceneDelegate.swift */; };
		9978D9492715221B009DD07A /* ViewController.swift in Sources */ = {isa = PBXBuildFile; fileRef = 9978D9482715221B009DD07A /* ViewController.swift */; };
		9978D94C2715221B009DD07A /* Main.storyboard in Resources */ = {isa = PBXBuildFile; fileRef = 9978D94A2715221B009DD07A /* Main.storyboard */; };
		9978D94E2715221C009DD07A /* Assets.xcassets in Resources */ = {isa = PBXBuildFile; fileRef = 9978D94D2715221C009DD07A /* Assets.xcassets */; };
		9978D9512715221C009DD07A /* LaunchScreen.storyboard in Resources */ = {isa = PBXBuildFile; fileRef = 9978D94F2715221C009DD07A /* LaunchScreen.storyboard */; };
		9978D9592715235B009DD07A /* ViewController2.swift in Sources */ = {isa = PBXBuildFile; fileRef = 9978D9582715235B009DD07A /* ViewController2.swift */; };
		DC9A26EF35E0D489BD08F1C7 /* Pods_BottomSheet_Demo.framework in Frameworks */ = {isa = PBXBuildFile; fileRef = 5E73B5F570878405A470507E /* Pods_BottomSheet_Demo.framework */; };
/* End PBXBuildFile section */

/* Begin PBXFileReference section */
		5E73B5F570878405A470507E /* Pods_BottomSheet_Demo.framework */ = {isa = PBXFileReference; explicitFileType = wrapper.framework; includeInIndex = 0; path = Pods_BottomSheet_Demo.framework; sourceTree = BUILT_PRODUCTS_DIR; };
		75B8E88BC96C824104231CAF /* Pods-BottomSheet_Demo.release.xcconfig */ = {isa = PBXFileReference; includeInIndex = 1; lastKnownFileType = text.xcconfig; name = "Pods-BottomSheet_Demo.release.xcconfig"; path = "Target Support Files/Pods-BottomSheet_Demo/Pods-BottomSheet_Demo.release.xcconfig"; sourceTree = "<group>"; };
		9978D9412715221B009DD07A /* BottomSheet_Demo.app */ = {isa = PBXFileReference; explicitFileType = wrapper.application; includeInIndex = 0; path = BottomSheet_Demo.app; sourceTree = BUILT_PRODUCTS_DIR; };
		9978D9442715221B009DD07A /* AppDelegate.swift */ = {isa = PBXFileReference; lastKnownFileType = sourcecode.swift; path = AppDelegate.swift; sourceTree = "<group>"; };
		9978D9462715221B009DD07A /* SceneDelegate.swift */ = {isa = PBXFileReference; lastKnownFileType = sourcecode.swift; path = SceneDelegate.swift; sourceTree = "<group>"; };
		9978D9482715221B009DD07A /* ViewController.swift */ = {isa = PBXFileReference; lastKnownFileType = sourcecode.swift; path = ViewController.swift; sourceTree = "<group>"; };
		9978D94B2715221B009DD07A /* Base */ = {isa = PBXFileReference; lastKnownFileType = file.storyboard; name = Base; path = Base.lproj/Main.storyboard; sourceTree = "<group>"; };
		9978D94D2715221C009DD07A /* Assets.xcassets */ = {isa = PBXFileReference; lastKnownFileType = folder.assetcatalog; path = Assets.xcassets; sourceTree = "<group>"; };
		9978D9502715221C009DD07A /* Base */ = {isa = PBXFileReference; lastKnownFileType = file.storyboard; name = Base; path = Base.lproj/LaunchScreen.storyboard; sourceTree = "<group>"; };
		9978D9522715221C009DD07A /* Info.plist */ = {isa = PBXFileReference; lastKnownFileType = text.plist.xml; path = Info.plist; sourceTree = "<group>"; };
		9978D9582715235B009DD07A /* ViewController2.swift */ = {isa = PBXFileReference; lastKnownFileType = sourcecode.swift; path = ViewController2.swift; sourceTree = "<group>"; };
		9978D95A271526BA009DD07A /* README.md */ = {isa = PBXFileReference; lastKnownFileType = net.daringfireball.markdown; path = README.md; sourceTree = "<group>"; };
		F9B8B52735D76EF215F6BF42 /* Pods-BottomSheet_Demo.debug.xcconfig */ = {isa = PBXFileReference; includeInIndex = 1; lastKnownFileType = text.xcconfig; name = "Pods-BottomSheet_Demo.debug.xcconfig"; path = "Target Support Files/Pods-BottomSheet_Demo/Pods-BottomSheet_Demo.debug.xcconfig"; sourceTree = "<group>"; };
/* End PBXFileReference section */

/* Begin PBXFrameworksBuildPhase section */
		9978D93E2715221B009DD07A /* Frameworks */ = {
			isa = PBXFrameworksBuildPhase;
			buildActionMask = 2147483647;
			files = (
				DC9A26EF35E0D489BD08F1C7 /* Pods_BottomSheet_Demo.framework in Frameworks */,
			);
			runOnlyForDeploymentPostprocessing = 0;
		};
/* End PBXFrameworksBuildPhase section */

/* Begin PBXGroup section */
		16CB3DDBF3EE469174DBAF1A /* Pods */ = {
			isa = PBXGroup;
			children = (
				F9B8B52735D76EF215F6BF42 /* Pods-BottomSheet_Demo.debug.xcconfig */,
				75B8E88BC96C824104231CAF /* Pods-BottomSheet_Demo.release.xcconfig */,
			);
			path = Pods;
			sourceTree = "<group>";
		};
		7B4FED4BB4A5AB7CAF53AE66 /* Frameworks */ = {
			isa = PBXGroup;
			children = (
				5E73B5F570878405A470507E /* Pods_BottomSheet_Demo.framework */,
			);
			name = Frameworks;
			sourceTree = "<group>";
		};
		9978D9382715221B009DD07A = {
			isa = PBXGroup;
			children = (
				9978D9432715221B009DD07A /* BottomSheet_Demo */,
				9978D9422715221B009DD07A /* Products */,
				16CB3DDBF3EE469174DBAF1A /* Pods */,
				7B4FED4BB4A5AB7CAF53AE66 /* Frameworks */,
			);
			sourceTree = "<group>";
		};
		9978D9422715221B009DD07A /* Products */ = {
			isa = PBXGroup;
			children = (
				9978D9412715221B009DD07A /* BottomSheet_Demo.app */,
			);
			name = Products;
			sourceTree = "<group>";
		};
		9978D9432715221B009DD07A /* BottomSheet_Demo */ = {
			isa = PBXGroup;
			children = (
				9978D9442715221B009DD07A /* AppDelegate.swift */,
				9978D9462715221B009DD07A /* SceneDelegate.swift */,
				9978D9482715221B009DD07A /* ViewController.swift */,
				9978D9582715235B009DD07A /* ViewController2.swift */,
				9978D94A2715221B009DD07A /* Main.storyboard */,
				9978D94D2715221C009DD07A /* Assets.xcassets */,
				9978D94F2715221C009DD07A /* LaunchScreen.storyboard */,
				9978D9522715221C009DD07A /* Info.plist */,
				9978D95A271526BA009DD07A /* README.md */,
			);
			path = BottomSheet_Demo;
			sourceTree = "<group>";
		};
/* End PBXGroup section */

/* Begin PBXNativeTarget section */
		9978D9402715221B009DD07A /* BottomSheet_Demo */ = {
			isa = PBXNativeTarget;
			buildConfigurationList = 9978D9552715221C009DD07A /* Build configuration list for PBXNativeTarget "BottomSheet_Demo" */;
			buildPhases = (
				F0BD78FE477AE29E7585A790 /* [CP] Check Pods Manifest.lock */,
				9978D93D2715221B009DD07A /* Sources */,
				9978D93E2715221B009DD07A /* Frameworks */,
				9978D93F2715221B009DD07A /* Resources */,
				42A519F2A6BDF22499B10EA6 /* [CP] Embed Pods Frameworks */,
			);
			buildRules = (
			);
			dependencies = (
			);
			name = BottomSheet_Demo;
			productName = BottomSheet_Demo;
			productReference = 9978D9412715221B009DD07A /* BottomSheet_Demo.app */;
			productType = "com.apple.product-type.application";
		};
/* End PBXNativeTarget section */

/* Begin PBXProject section */
		9978D9392715221B009DD07A /* Project object */ = {
			isa = PBXProject;
			attributes = {
				BuildIndependentTargetsInParallel = 1;
				LastSwiftUpdateCheck = 1300;
				LastUpgradeCheck = 1300;
				TargetAttributes = {
					9978D9402715221B009DD07A = {
						CreatedOnToolsVersion = 13.0;
					};
				};
			};
			buildConfigurationList = 9978D93C2715221B009DD07A /* Build configuration list for PBXProject "BottomSheet_Demo" */;
			compatibilityVersion = "Xcode 13.0";
			developmentRegion = en;
			hasScannedForEncodings = 0;
			knownRegions = (
				en,
				Base,
			);
			mainGroup = 9978D9382715221B009DD07A;
			productRefGroup = 9978D9422715221B009DD07A /* Products */;
			projectDirPath = "";
			projectRoot = "";
			targets = (
				9978D9402715221B009DD07A /* BottomSheet_Demo */,
			);
		};
/* End PBXProject section */

/* Begin PBXResourcesBuildPhase section */
		9978D93F2715221B009DD07A /* Resources */ = {
			isa = PBXResourcesBuildPhase;
			buildActionMask = 2147483647;
			files = (
				9978D9512715221C009DD07A /* LaunchScreen.storyboard in Resources */,
				9978D94E2715221C009DD07A /* Assets.xcassets in Resources */,
				9978D94C2715221B009DD07A /* Main.storyboard in Resources */,
			);
			runOnlyForDeploymentPostprocessing = 0;
		};
/* End PBXResourcesBuildPhase section */

/* Begin PBXShellScriptBuildPhase section */
		42A519F2A6BDF22499B10EA6 /* [CP] Embed Pods Frameworks */ = {
			isa = PBXShellScriptBuildPhase;
			buildActionMask = 2147483647;
			files = (
			);
			inputFileListPaths = (
				"${PODS_ROOT}/Target Support Files/Pods-BottomSheet_Demo/Pods-BottomSheet_Demo-frameworks-${CONFIGURATION}-input-files.xcfilelist",
			);
			name = "[CP] Embed Pods Frameworks";
			outputFileListPaths = (
				"${PODS_ROOT}/Target Support Files/Pods-BottomSheet_Demo/Pods-BottomSheet_Demo-frameworks-${CONFIGURATION}-output-files.xcfilelist",
			);
			runOnlyForDeploymentPostprocessing = 0;
			shellPath = /bin/sh;
			shellScript = "\"${PODS_ROOT}/Target Support Files/Pods-BottomSheet_Demo/Pods-BottomSheet_Demo-frameworks.sh\"\n";
			showEnvVarsInLog = 0;
		};
		F0BD78FE477AE29E7585A790 /* [CP] Check Pods Manifest.lock */ = {
			isa = PBXShellScriptBuildPhase;
			buildActionMask = 2147483647;
			files = (
			);
			inputFileListPaths = (
			);
			inputPaths = (
				"${PODS_PODFILE_DIR_PATH}/Podfile.lock",
				"${PODS_ROOT}/Manifest.lock",
			);
			name = "[CP] Check Pods Manifest.lock";
			outputFileListPaths = (
			);
			outputPaths = (
				"$(DERIVED_FILE_DIR)/Pods-BottomSheet_Demo-checkManifestLockResult.txt",
			);
			runOnlyForDeploymentPostprocessing = 0;
			shellPath = /bin/sh;
			shellScript = "diff \"${PODS_PODFILE_DIR_PATH}/Podfile.lock\" \"${PODS_ROOT}/Manifest.lock\" > /dev/null\nif [ $? != 0 ] ; then\n    # print error to STDERR\n    echo \"error: The sandbox is not in sync with the Podfile.lock. Run 'pod install' or update your CocoaPods installation.\" >&2\n    exit 1\nfi\n# This output is used by Xcode 'outputs' to avoid re-running this script phase.\necho \"SUCCESS\" > \"${SCRIPT_OUTPUT_FILE_0}\"\n";
			showEnvVarsInLog = 0;
		};
/* End PBXShellScriptBuildPhase section */

/* Begin PBXSourcesBuildPhase section */
		9978D93D2715221B009DD07A /* Sources */ = {
			isa = PBXSourcesBuildPhase;
			buildActionMask = 2147483647;
			files = (
				9978D9492715221B009DD07A /* ViewController.swift in Sources */,
				9978D9592715235B009DD07A /* ViewController2.swift in Sources */,
				9978D9452715221B009DD07A /* AppDelegate.swift in Sources */,
				9978D9472715221B009DD07A /* SceneDelegate.swift in Sources */,
			);
			runOnlyForDeploymentPostprocessing = 0;
		};
/* End PBXSourcesBuildPhase section */

/* Begin PBXVariantGroup section */
		9978D94A2715221B009DD07A /* Main.storyboard */ = {
			isa = PBXVariantGroup;
			children = (
				9978D94B2715221B009DD07A /* Base */,
			);
			name = Main.storyboard;
			sourceTree = "<group>";
		};
		9978D94F2715221C009DD07A /* LaunchScreen.storyboard */ = {
			isa = PBXVariantGroup;
			children = (
				9978D9502715221C009DD07A /* Base */,
			);
			name = LaunchScreen.storyboard;
			sourceTree = "<group>";
		};
/* End PBXVariantGroup section */

/* Begin XCBuildConfiguration section */
		9978D9532715221C009DD07A /* Debug */ = {
			isa = XCBuildConfiguration;
			buildSettings = {
				ALWAYS_SEARCH_USER_PATHS = NO;
				CLANG_ANALYZER_NONNULL = YES;
				CLANG_ANALYZER_NUMBER_OBJECT_CONVERSION = YES_AGGRESSIVE;
				CLANG_CXX_LANGUAGE_STANDARD = "gnu++17";
				CLANG_CXX_LIBRARY = "libc++";
				CLANG_ENABLE_MODULES = YES;
				CLANG_ENABLE_OBJC_ARC = YES;
				CLANG_ENABLE_OBJC_WEAK = YES;
				CLANG_WARN_BLOCK_CAPTURE_AUTORELEASING = YES;
				CLANG_WARN_BOOL_CONVERSION = YES;
				CLANG_WARN_COMMA = YES;
				CLANG_WARN_CONSTANT_CONVERSION = YES;
				CLANG_WARN_DEPRECATED_OBJC_IMPLEMENTATIONS = YES;
				CLANG_WARN_DIRECT_OBJC_ISA_USAGE = YES_ERROR;
				CLANG_WARN_DOCUMENTATION_COMMENTS = YES;
				CLANG_WARN_EMPTY_BODY = YES;
				CLANG_WARN_ENUM_CONVERSION = YES;
				CLANG_WARN_INFINITE_RECURSION = YES;
				CLANG_WARN_INT_CONVERSION = YES;
				CLANG_WARN_NON_LITERAL_NULL_CONVERSION = YES;
				CLANG_WARN_OBJC_IMPLICIT_RETAIN_SELF = YES;
				CLANG_WARN_OBJC_LITERAL_CONVERSION = YES;
				CLANG_WARN_OBJC_ROOT_CLASS = YES_ERROR;
				CLANG_WARN_QUOTED_INCLUDE_IN_FRAMEWORK_HEADER = YES;
				CLANG_WARN_RANGE_LOOP_ANALYSIS = YES;
				CLANG_WARN_STRICT_PROTOTYPES = YES;
				CLANG_WARN_SUSPICIOUS_MOVE = YES;
				CLANG_WARN_UNGUARDED_AVAILABILITY = YES_AGGRESSIVE;
				CLANG_WARN_UNREACHABLE_CODE = YES;
				CLANG_WARN__DUPLICATE_METHOD_MATCH = YES;
				COPY_PHASE_STRIP = NO;
				DEBUG_INFORMATION_FORMAT = dwarf;
				ENABLE_STRICT_OBJC_MSGSEND = YES;
				ENABLE_TESTABILITY = YES;
				GCC_C_LANGUAGE_STANDARD = gnu11;
				GCC_DYNAMIC_NO_PIC = NO;
				GCC_NO_COMMON_BLOCKS = YES;
				GCC_OPTIMIZATION_LEVEL = 0;
				GCC_PREPROCESSOR_DEFINITIONS = (
					"DEBUG=1",
					"$(inherited)",
				);
				GCC_WARN_64_TO_32_BIT_CONVERSION = YES;
				GCC_WARN_ABOUT_RETURN_TYPE = YES_ERROR;
				GCC_WARN_UNDECLARED_SELECTOR = YES;
				GCC_WARN_UNINITIALIZED_AUTOS = YES_AGGRESSIVE;
				GCC_WARN_UNUSED_FUNCTION = YES;
				GCC_WARN_UNUSED_VARIABLE = YES;
				IPHONEOS_DEPLOYMENT_TARGET = 15.0;
				MTL_ENABLE_DEBUG_INFO = INCLUDE_SOURCE;
				MTL_FAST_MATH = YES;
				ONLY_ACTIVE_ARCH = YES;
				SDKROOT = iphoneos;
				SWIFT_ACTIVE_COMPILATION_CONDITIONS = DEBUG;
				SWIFT_OPTIMIZATION_LEVEL = "-Onone";
			};
			name = Debug;
		};
		9978D9542715221C009DD07A /* Release */ = {
			isa = XCBuildConfiguration;
			buildSettings = {
				ALWAYS_SEARCH_USER_PATHS = NO;
				CLANG_ANALYZER_NONNULL = YES;
				CLANG_ANALYZER_NUMBER_OBJECT_CONVERSION = YES_AGGRESSIVE;
				CLANG_CXX_LANGUAGE_STANDARD = "gnu++17";
				CLANG_CXX_LIBRARY = "libc++";
				CLANG_ENABLE_MODULES = YES;
				CLANG_ENABLE_OBJC_ARC = YES;
				CLANG_ENABLE_OBJC_WEAK = YES;
				CLANG_WARN_BLOCK_CAPTURE_AUTORELEASING = YES;
				CLANG_WARN_BOOL_CONVERSION = YES;
				CLANG_WARN_COMMA = YES;
				CLANG_WARN_CONSTANT_CONVERSION = YES;
				CLANG_WARN_DEPRECATED_OBJC_IMPLEMENTATIONS = YES;
				CLANG_WARN_DIRECT_OBJC_ISA_USAGE = YES_ERROR;
				CLANG_WARN_DOCUMENTATION_COMMENTS = YES;
				CLANG_WARN_EMPTY_BODY = YES;
				CLANG_WARN_ENUM_CONVERSION = YES;
				CLANG_WARN_INFINITE_RECURSION = YES;
				CLANG_WARN_INT_CONVERSION = YES;
				CLANG_WARN_NON_LITERAL_NULL_CONVERSION = YES;
				CLANG_WARN_OBJC_IMPLICIT_RETAIN_SELF = YES;
				CLANG_WARN_OBJC_LITERAL_CONVERSION = YES;
				CLANG_WARN_OBJC_ROOT_CLASS = YES_ERROR;
				CLANG_WARN_QUOTED_INCLUDE_IN_FRAMEWORK_HEADER = YES;
				CLANG_WARN_RANGE_LOOP_ANALYSIS = YES;
				CLANG_WARN_STRICT_PROTOTYPES = YES;
				CLANG_WARN_SUSPICIOUS_MOVE = YES;
				CLANG_WARN_UNGUARDED_AVAILABILITY = YES_AGGRESSIVE;
				CLANG_WARN_UNREACHABLE_CODE = YES;
				CLANG_WARN__DUPLICATE_METHOD_MATCH = YES;
				COPY_PHASE_STRIP = NO;
				DEBUG_INFORMATION_FORMAT = "dwarf-with-dsym";
				ENABLE_NS_ASSERTIONS = NO;
				ENABLE_STRICT_OBJC_MSGSEND = YES;
				GCC_C_LANGUAGE_STANDARD = gnu11;
				GCC_NO_COMMON_BLOCKS = YES;
				GCC_WARN_64_TO_32_BIT_CONVERSION = YES;
				GCC_WARN_ABOUT_RETURN_TYPE = YES_ERROR;
				GCC_WARN_UNDECLARED_SELECTOR = YES;
				GCC_WARN_UNINITIALIZED_AUTOS = YES_AGGRESSIVE;
				GCC_WARN_UNUSED_FUNCTION = YES;
				GCC_WARN_UNUSED_VARIABLE = YES;
				IPHONEOS_DEPLOYMENT_TARGET = 15.0;
				MTL_ENABLE_DEBUG_INFO = NO;
				MTL_FAST_MATH = YES;
				SDKROOT = iphoneos;
				SWIFT_COMPILATION_MODE = wholemodule;
				SWIFT_OPTIMIZATION_LEVEL = "-O";
				VALIDATE_PRODUCT = YES;
			};
			name = Release;
		};
		9978D9562715221C009DD07A /* Debug */ = {
			isa = XCBuildConfiguration;
			baseConfigurationReference = F9B8B52735D76EF215F6BF42 /* Pods-BottomSheet_Demo.debug.xcconfig */;
			buildSettings = {
				ASSETCATALOG_COMPILER_APPICON_NAME = AppIcon;
				ASSETCATALOG_COMPILER_GLOBAL_ACCENT_COLOR_NAME = AccentColor;
				CODE_SIGN_STYLE = Automatic;
				CURRENT_PROJECT_VERSION = 1;
				DEVELOPMENT_TEAM = JXFMRW69P3;
				GENERATE_INFOPLIST_FILE = YES;
				INFOPLIST_FILE = BottomSheet_Demo/Info.plist;
				INFOPLIST_KEY_UIApplicationSupportsIndirectInputEvents = YES;
				INFOPLIST_KEY_UILaunchStoryboardName = LaunchScreen;
				INFOPLIST_KEY_UIMainStoryboardFile = Main;
				INFOPLIST_KEY_UISupportedInterfaceOrientations_iPad = "UIInterfaceOrientationPortrait UIInterfaceOrientationPortraitUpsideDown UIInterfaceOrientationLandscapeLeft UIInterfaceOrientationLandscapeRight";
				INFOPLIST_KEY_UISupportedInterfaceOrientations_iPhone = "UIInterfaceOrientationPortrait UIInterfaceOrientationLandscapeLeft UIInterfaceOrientationLandscapeRight";
				LD_RUNPATH_SEARCH_PATHS = (
					"$(inherited)",
					"@executable_path/Frameworks",
				);
				MARKETING_VERSION = 1.0;
				PRODUCT_BUNDLE_IDENTIFIER = "iOSoo.BottomSheet-Demo";
				PRODUCT_NAME = "$(TARGET_NAME)";
				SWIFT_EMIT_LOC_STRINGS = YES;
				SWIFT_VERSION = 5.0;
				TARGETED_DEVICE_FAMILY = "1,2";
			};
			name = Debug;
		};
		9978D9572715221C009DD07A /* Release */ = {
			isa = XCBuildConfiguration;
			baseConfigurationReference = 75B8E88BC96C824104231CAF /* Pods-BottomSheet_Demo.release.xcconfig */;
			buildSettings = {
				ASSETCATALOG_COMPILER_APPICON_NAME = AppIcon;
				ASSETCATALOG_COMPILER_GLOBAL_ACCENT_COLOR_NAME = AccentColor;
				CODE_SIGN_STYLE = Automatic;
				CURRENT_PROJECT_VERSION = 1;
				DEVELOPMENT_TEAM = JXFMRW69P3;
				GENERATE_INFOPLIST_FILE = YES;
				INFOPLIST_FILE = BottomSheet_Demo/Info.plist;
				INFOPLIST_KEY_UIApplicationSupportsIndirectInputEvents = YES;
				INFOPLIST_KEY_UILaunchStoryboardName = LaunchScreen;
				INFOPLIST_KEY_UIMainStoryboardFile = Main;
				INFOPLIST_KEY_UISupportedInterfaceOrientations_iPad = "UIInterfaceOrientationPortrait UIInterfaceOrientationPortraitUpsideDown UIInterfaceOrientationLandscapeLeft UIInterfaceOrientationLandscapeRight";
				INFOPLIST_KEY_UISupportedInterfaceOrientations_iPhone = "UIInterfaceOrientationPortrait UIInterfaceOrientationLandscapeLeft UIInterfaceOrientationLandscapeRight";
				LD_RUNPATH_SEARCH_PATHS = (
					"$(inherited)",
					"@executable_path/Frameworks",
				);
				MARKETING_VERSION = 1.0;
				PRODUCT_BUNDLE_IDENTIFIER = "iOSoo.BottomSheet-Demo";
				PRODUCT_NAME = "$(TARGET_NAME)";
				SWIFT_EMIT_LOC_STRINGS = YES;
				SWIFT_VERSION = 5.0;
				TARGETED_DEVICE_FAMILY = "1,2";
			};
			name = Release;
		};
/* End XCBuildConfiguration section */

/* Begin XCConfigurationList section */
		9978D93C2715221B009DD07A /* Build configuration list for PBXProject "BottomSheet_Demo" */ = {
			isa = XCConfigurationList;
			buildConfigurations = (
				9978D9532715221C009DD07A /* Debug */,
				9978D9542715221C009DD07A /* Release */,
			);
			defaultConfigurationIsVisible = 0;
			defaultConfigurationName = Release;
		};
		9978D9552715221C009DD07A /* Build configuration list for PBXNativeTarget "BottomSheet_Demo" */ = {
			isa = XCConfigurationList;
			buildConfigurations = (
				9978D9562715221C009DD07A /* Debug */,
				9978D9572715221C009DD07A /* Release */,
			);
			defaultConfigurationIsVisible = 0;
			defaultConfigurationName = Release;
		};
/* End XCConfigurationList section */
	};
	rootObject = 9978D9392715221B009DD07A /* Project object */;
}
